// !$*UTF8*$!
{
	archiveVersion = 1;
	classes = {
	};
	objectVersion = 46;
	objects = {

/* Begin PBXBuildFile section */
		023648E79F3E43039E0907FA /* libPods.a in Frameworks */ = {isa = PBXBuildFile; fileRef = 00B557A1135D4EB2860BB8F0 /* libPods.a */; };
		4C73E6F718212DD900C020F9 /* AGFunctionLoginViewController.m in Sources */ = {isa = PBXBuildFile; fileRef = 4C73E6F618212DD900C020F9 /* AGFunctionLoginViewController.m */; };
		4C73E6F818212DD900C020F9 /* AGFunctionLoginViewController.m in Sources */ = {isa = PBXBuildFile; fileRef = 4C73E6F618212DD900C020F9 /* AGFunctionLoginViewController.m */; };
		4CD271C71820592B003009CD /* Foundation.framework in Frameworks */ = {isa = PBXBuildFile; fileRef = 4CD271C61820592B003009CD /* Foundation.framework */; };
		4CD271C91820592B003009CD /* CoreGraphics.framework in Frameworks */ = {isa = PBXBuildFile; fileRef = 4CD271C81820592B003009CD /* CoreGraphics.framework */; };
		4CD271CB1820592B003009CD /* UIKit.framework in Frameworks */ = {isa = PBXBuildFile; fileRef = 4CD271CA1820592B003009CD /* UIKit.framework */; };
		4CD271D11820592B003009CD /* InfoPlist.strings in Resources */ = {isa = PBXBuildFile; fileRef = 4CD271CF1820592B003009CD /* InfoPlist.strings */; };
		4CD271D31820592B003009CD /* main.m in Sources */ = {isa = PBXBuildFile; fileRef = 4CD271D21820592B003009CD /* main.m */; };
		4CD271D71820592B003009CD /* AGAppDelegate.m in Sources */ = {isa = PBXBuildFile; fileRef = 4CD271D61820592B003009CD /* AGAppDelegate.m */; };
		4CD271DA1820592B003009CD /* Main_iPhone.storyboard in Resources */ = {isa = PBXBuildFile; fileRef = 4CD271D81820592B003009CD /* Main_iPhone.storyboard */; };
		4CD271DD1820592B003009CD /* Main_iPad.storyboard in Resources */ = {isa = PBXBuildFile; fileRef = 4CD271DB1820592B003009CD /* Main_iPad.storyboard */; };
		4CD271E01820592B003009CD /* AGViewController.m in Sources */ = {isa = PBXBuildFile; fileRef = 4CD271DF1820592B003009CD /* AGViewController.m */; };
		4CD271E21820592B003009CD /* Images.xcassets in Resources */ = {isa = PBXBuildFile; fileRef = 4CD271E11820592B003009CD /* Images.xcassets */; };
		4CD271E91820592B003009CD /* XCTest.framework in Frameworks */ = {isa = PBXBuildFile; fileRef = 4CD271E81820592B003009CD /* XCTest.framework */; };
		4CD271EA1820592B003009CD /* Foundation.framework in Frameworks */ = {isa = PBXBuildFile; fileRef = 4CD271C61820592B003009CD /* Foundation.framework */; };
		4CD271EB1820592B003009CD /* UIKit.framework in Frameworks */ = {isa = PBXBuildFile; fileRef = 4CD271CA1820592B003009CD /* UIKit.framework */; };
		4CD271F31820592B003009CD /* InfoPlist.strings in Resources */ = {isa = PBXBuildFile; fileRef = 4CD271F11820592B003009CD /* InfoPlist.strings */; };
		4CD271F51820592B003009CD /* ReactiveTests.m in Sources */ = {isa = PBXBuildFile; fileRef = 4CD271F41820592B003009CD /* ReactiveTests.m */; };
		4CD272051820697C003009CD /* AGUserManager.m in Sources */ = {isa = PBXBuildFile; fileRef = 4CD272041820697C003009CD /* AGUserManager.m */; };
		4CD272061820697C003009CD /* AGUserManager.m in Sources */ = {isa = PBXBuildFile; fileRef = 4CD272041820697C003009CD /* AGUserManager.m */; };
		4CD27209182069A4003009CD /* AGUser.m in Sources */ = {isa = PBXBuildFile; fileRef = 4CD27208182069A4003009CD /* AGUser.m */; };
		4CD2720A182069A4003009CD /* AGUser.m in Sources */ = {isa = PBXBuildFile; fileRef = 4CD27208182069A4003009CD /* AGUser.m */; };
		4CD2720D182069AD003009CD /* AGSettings.m in Sources */ = {isa = PBXBuildFile; fileRef = 4CD2720C182069AD003009CD /* AGSettings.m */; };
		4CD2720E182069AD003009CD /* AGSettings.m in Sources */ = {isa = PBXBuildFile; fileRef = 4CD2720C182069AD003009CD /* AGSettings.m */; };
		4CD2721118206ACB003009CD /* AGLoginViewController.m in Sources */ = {isa = PBXBuildFile; fileRef = 4CD2721018206ACB003009CD /* AGLoginViewController.m */; };
		4CD2721218206ACB003009CD /* AGLoginViewController.m in Sources */ = {isa = PBXBuildFile; fileRef = 4CD2721018206ACB003009CD /* AGLoginViewController.m */; };
		4CD2721518207403003009CD /* AGCrankVoltimeterViewController.m in Sources */ = {isa = PBXBuildFile; fileRef = 4CD2721418207403003009CD /* AGCrankVoltimeterViewController.m */; };
		4CD2721618207404003009CD /* AGCrankVoltimeterViewController.m in Sources */ = {isa = PBXBuildFile; fileRef = 4CD2721418207403003009CD /* AGCrankVoltimeterViewController.m */; };
		4CD27219182126E6003009CD /* AGImperativeLoginViewController.m in Sources */ = {isa = PBXBuildFile; fileRef = 4CD27218182126E6003009CD /* AGImperativeLoginViewController.m */; };
		4CD2721A182126E6003009CD /* AGImperativeLoginViewController.m in Sources */ = {isa = PBXBuildFile; fileRef = 4CD27218182126E6003009CD /* AGImperativeLoginViewController.m */; };
/* End PBXBuildFile section */

/* Begin PBXContainerItemProxy section */
		4CD271EC1820592B003009CD /* PBXContainerItemProxy */ = {
			isa = PBXContainerItemProxy;
			containerPortal = 4CD271BB1820592A003009CD /* Project object */;
			proxyType = 1;
			remoteGlobalIDString = 4CD271C21820592B003009CD;
			remoteInfo = Reactive;
		};
/* End PBXContainerItemProxy section */

/* Begin PBXFileReference section */
		00B557A1135D4EB2860BB8F0 /* libPods.a */ = {isa = PBXFileReference; explicitFileType = archive.ar; includeInIndex = 0; path = libPods.a; sourceTree = BUILT_PRODUCTS_DIR; };
		39EDE060BF814DF28D21CAB7 /* Pods.xcconfig */ = {isa = PBXFileReference; includeInIndex = 1; lastKnownFileType = text.xcconfig; name = Pods.xcconfig; path = Pods/Pods.xcconfig; sourceTree = "<group>"; };
		4C73E6F518212DD900C020F9 /* AGFunctionLoginViewController.h */ = {isa = PBXFileReference; fileEncoding = 4; lastKnownFileType = sourcecode.c.h; path = AGFunctionLoginViewController.h; sourceTree = "<group>"; };
		4C73E6F618212DD900C020F9 /* AGFunctionLoginViewController.m */ = {isa = PBXFileReference; fileEncoding = 4; lastKnownFileType = sourcecode.c.objc; path = AGFunctionLoginViewController.m; sourceTree = "<group>"; };
		4CD271C31820592B003009CD /* Reactive.app */ = {isa = PBXFileReference; explicitFileType = wrapper.application; includeInIndex = 0; path = Reactive.app; sourceTree = BUILT_PRODUCTS_DIR; };
		4CD271C61820592B003009CD /* Foundation.framework */ = {isa = PBXFileReference; lastKnownFileType = wrapper.framework; name = Foundation.framework; path = System/Library/Frameworks/Foundation.framework; sourceTree = SDKROOT; };
		4CD271C81820592B003009CD /* CoreGraphics.framework */ = {isa = PBXFileReference; lastKnownFileType = wrapper.framework; name = CoreGraphics.framework; path = System/Library/Frameworks/CoreGraphics.framework; sourceTree = SDKROOT; };
		4CD271CA1820592B003009CD /* UIKit.framework */ = {isa = PBXFileReference; lastKnownFileType = wrapper.framework; name = UIKit.framework; path = System/Library/Frameworks/UIKit.framework; sourceTree = SDKROOT; };
		4CD271CE1820592B003009CD /* Reactive-Info.plist */ = {isa = PBXFileReference; lastKnownFileType = text.plist.xml; path = "Reactive-Info.plist"; sourceTree = "<group>"; };
		4CD271D01820592B003009CD /* en */ = {isa = PBXFileReference; lastKnownFileType = text.plist.strings; name = en; path = en.lproj/InfoPlist.strings; sourceTree = "<group>"; };
		4CD271D21820592B003009CD /* main.m */ = {isa = PBXFileReference; lastKnownFileType = sourcecode.c.objc; path = main.m; sourceTree = "<group>"; };
		4CD271D41820592B003009CD /* Reactive-Prefix.pch */ = {isa = PBXFileReference; lastKnownFileType = sourcecode.c.h; path = "Reactive-Prefix.pch"; sourceTree = "<group>"; };
		4CD271D51820592B003009CD /* AGAppDelegate.h */ = {isa = PBXFileReference; lastKnownFileType = sourcecode.c.h; path = AGAppDelegate.h; sourceTree = "<group>"; };
		4CD271D61820592B003009CD /* AGAppDelegate.m */ = {isa = PBXFileReference; lastKnownFileType = sourcecode.c.objc; path = AGAppDelegate.m; sourceTree = "<group>"; };
		4CD271D91820592B003009CD /* Base */ = {isa = PBXFileReference; lastKnownFileType = file.storyboard; name = Base; path = Base.lproj/Main_iPhone.storyboard; sourceTree = "<group>"; };
		4CD271DC1820592B003009CD /* Base */ = {isa = PBXFileReference; lastKnownFileType = file.storyboard; name = Base; path = Base.lproj/Main_iPad.storyboard; sourceTree = "<group>"; };
		4CD271DE1820592B003009CD /* AGViewController.h */ = {isa = PBXFileReference; lastKnownFileType = sourcecode.c.h; path = AGViewController.h; sourceTree = "<group>"; };
		4CD271DF1820592B003009CD /* AGViewController.m */ = {isa = PBXFileReference; lastKnownFileType = sourcecode.c.objc; path = AGViewController.m; sourceTree = "<group>"; };
		4CD271E11820592B003009CD /* Images.xcassets */ = {isa = PBXFileReference; lastKnownFileType = folder.assetcatalog; path = Images.xcassets; sourceTree = "<group>"; };
		4CD271E71820592B003009CD /* ReactiveTests.xctest */ = {isa = PBXFileReference; explicitFileType = wrapper.cfbundle; includeInIndex = 0; path = ReactiveTests.xctest; sourceTree = BUILT_PRODUCTS_DIR; };
		4CD271E81820592B003009CD /* XCTest.framework */ = {isa = PBXFileReference; lastKnownFileType = wrapper.framework; name = XCTest.framework; path = Library/Frameworks/XCTest.framework; sourceTree = DEVELOPER_DIR; };
		4CD271F01820592B003009CD /* ReactiveTests-Info.plist */ = {isa = PBXFileReference; lastKnownFileType = text.plist.xml; path = "ReactiveTests-Info.plist"; sourceTree = "<group>"; };
		4CD271F21820592B003009CD /* en */ = {isa = PBXFileReference; lastKnownFileType = text.plist.strings; name = en; path = en.lproj/InfoPlist.strings; sourceTree = "<group>"; };
		4CD271F41820592B003009CD /* ReactiveTests.m */ = {isa = PBXFileReference; lastKnownFileType = sourcecode.c.objc; path = ReactiveTests.m; sourceTree = "<group>"; };
		4CD272031820697C003009CD /* AGUserManager.h */ = {isa = PBXFileReference; fileEncoding = 4; lastKnownFileType = sourcecode.c.h; path = AGUserManager.h; sourceTree = "<group>"; };
		4CD272041820697C003009CD /* AGUserManager.m */ = {isa = PBXFileReference; fileEncoding = 4; lastKnownFileType = sourcecode.c.objc; path = AGUserManager.m; sourceTree = "<group>"; };
		4CD27207182069A4003009CD /* AGUser.h */ = {isa = PBXFileReference; fileEncoding = 4; lastKnownFileType = sourcecode.c.h; path = AGUser.h; sourceTree = "<group>"; };
		4CD27208182069A4003009CD /* AGUser.m */ = {isa = PBXFileReference; fileEncoding = 4; lastKnownFileType = sourcecode.c.objc; path = AGUser.m; sourceTree = "<group>"; };
		4CD2720B182069AD003009CD /* AGSettings.h */ = {isa = PBXFileReference; fileEncoding = 4; lastKnownFileType = sourcecode.c.h; path = AGSettings.h; sourceTree = "<group>"; };
		4CD2720C182069AD003009CD /* AGSettings.m */ = {isa = PBXFileReference; fileEncoding = 4; lastKnownFileType = sourcecode.c.objc; path = AGSettings.m; sourceTree = "<group>"; };
		4CD2720F18206ACB003009CD /* AGLoginViewController.h */ = {isa = PBXFileReference; fileEncoding = 4; lastKnownFileType = sourcecode.c.h; path = AGLoginViewController.h; sourceTree = "<group>"; };
		4CD2721018206ACB003009CD /* AGLoginViewController.m */ = {isa = PBXFileReference; fileEncoding = 4; lastKnownFileType = sourcecode.c.objc; path = AGLoginViewController.m; sourceTree = "<group>"; };
		4CD2721318207403003009CD /* AGCrankVoltimeterViewController.h */ = {isa = PBXFileReference; fileEncoding = 4; lastKnownFileType = sourcecode.c.h; path = AGCrankVoltimeterViewController.h; sourceTree = "<group>"; };
		4CD2721418207403003009CD /* AGCrankVoltimeterViewController.m */ = {isa = PBXFileReference; fileEncoding = 4; lastKnownFileType = sourcecode.c.objc; path = AGCrankVoltimeterViewController.m; sourceTree = "<group>"; };
		4CD27217182126E6003009CD /* AGImperativeLoginViewController.h */ = {isa = PBXFileReference; fileEncoding = 4; lastKnownFileType = sourcecode.c.h; path = AGImperativeLoginViewController.h; sourceTree = "<group>"; };
		4CD27218182126E6003009CD /* AGImperativeLoginViewController.m */ = {isa = PBXFileReference; fileEncoding = 4; lastKnownFileType = sourcecode.c.objc; path = AGImperativeLoginViewController.m; sourceTree = "<group>"; };
/* End PBXFileReference section */

/* Begin PBXFrameworksBuildPhase section */
		4CD271C01820592B003009CD /* Frameworks */ = {
			isa = PBXFrameworksBuildPhase;
			buildActionMask = 2147483647;
			files = (
				4CD271C91820592B003009CD /* CoreGraphics.framework in Frameworks */,
				4CD271CB1820592B003009CD /* UIKit.framework in Frameworks */,
				4CD271C71820592B003009CD /* Foundation.framework in Frameworks */,
				023648E79F3E43039E0907FA /* libPods.a in Frameworks */,
			);
			runOnlyForDeploymentPostprocessing = 0;
		};
		4CD271E41820592B003009CD /* Frameworks */ = {
			isa = PBXFrameworksBuildPhase;
			buildActionMask = 2147483647;
			files = (
				4CD271E91820592B003009CD /* XCTest.framework in Frameworks */,
				4CD271EB1820592B003009CD /* UIKit.framework in Frameworks */,
				4CD271EA1820592B003009CD /* Foundation.framework in Frameworks */,
			);
			runOnlyForDeploymentPostprocessing = 0;
		};
/* End PBXFrameworksBuildPhase section */

/* Begin PBXGroup section */
		4CD271BA1820592A003009CD = {
			isa = PBXGroup;
			children = (
				4CD271CC1820592B003009CD /* Reactive */,
				4CD271EE1820592B003009CD /* ReactiveTests */,
				4CD271C51820592B003009CD /* Frameworks */,
				4CD271C41820592B003009CD /* Products */,
				39EDE060BF814DF28D21CAB7 /* Pods.xcconfig */,
			);
			sourceTree = "<group>";
		};
		4CD271C41820592B003009CD /* Products */ = {
			isa = PBXGroup;
			children = (
				4CD271C31820592B003009CD /* Reactive.app */,
				4CD271E71820592B003009CD /* ReactiveTests.xctest */,
			);
			name = Products;
			sourceTree = "<group>";
		};
		4CD271C51820592B003009CD /* Frameworks */ = {
			isa = PBXGroup;
			children = (
				4CD271C61820592B003009CD /* Foundation.framework */,
				4CD271C81820592B003009CD /* CoreGraphics.framework */,
				4CD271CA1820592B003009CD /* UIKit.framework */,
				4CD271E81820592B003009CD /* XCTest.framework */,
				00B557A1135D4EB2860BB8F0 /* libPods.a */,
			);
			name = Frameworks;
			sourceTree = "<group>";
		};
		4CD271CC1820592B003009CD /* Reactive */ = {
			isa = PBXGroup;
			children = (
				4CD271D51820592B003009CD /* AGAppDelegate.h */,
				4CD271D61820592B003009CD /* AGAppDelegate.m */,
				4CD271D81820592B003009CD /* Main_iPhone.storyboard */,
				4CD271DB1820592B003009CD /* Main_iPad.storyboard */,
				4CD271DE1820592B003009CD /* AGViewController.h */,
				4CD271DF1820592B003009CD /* AGViewController.m */,
				4CD2720F18206ACB003009CD /* AGLoginViewController.h */,
				4CD2721018206ACB003009CD /* AGLoginViewController.m */,
				4CD27217182126E6003009CD /* AGImperativeLoginViewController.h */,
				4CD27218182126E6003009CD /* AGImperativeLoginViewController.m */,
				4C73E6F518212DD900C020F9 /* AGFunctionLoginViewController.h */,
				4C73E6F618212DD900C020F9 /* AGFunctionLoginViewController.m */,
				4CD2721318207403003009CD /* AGCrankVoltimeterViewController.h */,
				4CD2721418207403003009CD /* AGCrankVoltimeterViewController.m */,
				4CD272031820697C003009CD /* AGUserManager.h */,
				4CD272041820697C003009CD /* AGUserManager.m */,
				4CD27207182069A4003009CD /* AGUser.h */,
				4CD27208182069A4003009CD /* AGUser.m */,
				4CD2720B182069AD003009CD /* AGSettings.h */,
				4CD2720C182069AD003009CD /* AGSettings.m */,
				4CD271E11820592B003009CD /* Images.xcassets */,
				4CD271CD1820592B003009CD /* Supporting Files */,
			);
			path = Reactive;
			sourceTree = "<group>";
		};
		4CD271CD1820592B003009CD /* Supporting Files */ = {
			isa = PBXGroup;
			children = (
				4CD271CE1820592B003009CD /* Reactive-Info.plist */,
				4CD271CF1820592B003009CD /* InfoPlist.strings */,
				4CD271D21820592B003009CD /* main.m */,
				4CD271D41820592B003009CD /* Reactive-Prefix.pch */,
			);
			name = "Supporting Files";
			sourceTree = "<group>";
		};
		4CD271EE1820592B003009CD /* ReactiveTests */ = {
			isa = PBXGroup;
			children = (
				4CD271F41820592B003009CD /* ReactiveTests.m */,
				4CD271EF1820592B003009CD /* Supporting Files */,
			);
			path = ReactiveTests;
			sourceTree = "<group>";
		};
		4CD271EF1820592B003009CD /* Supporting Files */ = {
			isa = PBXGroup;
			children = (
				4CD271F01820592B003009CD /* ReactiveTests-Info.plist */,
				4CD271F11820592B003009CD /* InfoPlist.strings */,
			);
			name = "Supporting Files";
			sourceTree = "<group>";
		};
/* End PBXGroup section */

/* Begin PBXNativeTarget section */
		4CD271C21820592B003009CD /* Reactive */ = {
			isa = PBXNativeTarget;
			buildConfigurationList = 4CD271F81820592B003009CD /* Build configuration list for PBXNativeTarget "Reactive" */;
			buildPhases = (
				B396A495C41C40D69019EA37 /* Check Pods Manifest.lock */,
				4CD271BF1820592B003009CD /* Sources */,
				4CD271C01820592B003009CD /* Frameworks */,
				4CD271C11820592B003009CD /* Resources */,
				F5E41598DE8B4D24825EAF70 /* Copy Pods Resources */,
			);
			buildRules = (
			);
			dependencies = (
			);
			name = Reactive;
			productName = Reactive;
			productReference = 4CD271C31820592B003009CD /* Reactive.app */;
			productType = "com.apple.product-type.application";
		};
		4CD271E61820592B003009CD /* ReactiveTests */ = {
			isa = PBXNativeTarget;
			buildConfigurationList = 4CD271FB1820592B003009CD /* Build configuration list for PBXNativeTarget "ReactiveTests" */;
			buildPhases = (
				4CD271E31820592B003009CD /* Sources */,
				4CD271E41820592B003009CD /* Frameworks */,
				4CD271E51820592B003009CD /* Resources */,
			);
			buildRules = (
			);
			dependencies = (
				4CD271ED1820592B003009CD /* PBXTargetDependency */,
			);
			name = ReactiveTests;
			productName = ReactiveTests;
			productReference = 4CD271E71820592B003009CD /* ReactiveTests.xctest */;
			productType = "com.apple.product-type.bundle.unit-test";
		};
/* End PBXNativeTarget section */

/* Begin PBXProject section */
		4CD271BB1820592A003009CD /* Project object */ = {
			isa = PBXProject;
			attributes = {
				CLASSPREFIX = AG;
				LastUpgradeCheck = 0500;
				ORGANIZATIONNAME = "Agens AS";
				TargetAttributes = {
					4CD271E61820592B003009CD = {
						TestTargetID = 4CD271C21820592B003009CD;
					};
				};
			};
			buildConfigurationList = 4CD271BE1820592A003009CD /* Build configuration list for PBXProject "Reactive" */;
			compatibilityVersion = "Xcode 3.2";
			developmentRegion = English;
			hasScannedForEncodings = 0;
			knownRegions = (
				en,
				Base,
			);
			mainGroup = 4CD271BA1820592A003009CD;
			productRefGroup = 4CD271C41820592B003009CD /* Products */;
			projectDirPath = "";
			projectRoot = "";
			targets = (
				4CD271C21820592B003009CD /* Reactive */,
				4CD271E61820592B003009CD /* ReactiveTests */,
			);
		};
/* End PBXProject section */

/* Begin PBXResourcesBuildPhase section */
		4CD271C11820592B003009CD /* Resources */ = {
			isa = PBXResourcesBuildPhase;
			buildActionMask = 2147483647;
			files = (
				4CD271DD1820592B003009CD /* Main_iPad.storyboard in Resources */,
				4CD271E21820592B003009CD /* Images.xcassets in Resources */,
				4CD271DA1820592B003009CD /* Main_iPhone.storyboard in Resources */,
				4CD271D11820592B003009CD /* InfoPlist.strings in Resources */,
			);
			runOnlyForDeploymentPostprocessing = 0;
		};
		4CD271E51820592B003009CD /* Resources */ = {
			isa = PBXResourcesBuildPhase;
			buildActionMask = 2147483647;
			files = (
				4CD271F31820592B003009CD /* InfoPlist.strings in Resources */,
			);
			runOnlyForDeploymentPostprocessing = 0;
		};
/* End PBXResourcesBuildPhase section */

/* Begin PBXShellScriptBuildPhase section */
		B396A495C41C40D69019EA37 /* Check Pods Manifest.lock */ = {
			isa = PBXShellScriptBuildPhase;
			buildActionMask = 2147483647;
			files = (
			);
			inputPaths = (
			);
			name = "Check Pods Manifest.lock";
			outputPaths = (
			);
			runOnlyForDeploymentPostprocessing = 0;
			shellPath = /bin/sh;
			shellScript = "diff \"${PODS_ROOT}/../Podfile.lock\" \"${PODS_ROOT}/Manifest.lock\" > /dev/null\nif [[ $? != 0 ]] ; then\n    cat << EOM\nerror: The sandbox is not in sync with the Podfile.lock. Run 'pod install' or update your CocoaPods installation.\nEOM\n    exit 1\nfi\n";
			showEnvVarsInLog = 0;
		};
		F5E41598DE8B4D24825EAF70 /* Copy Pods Resources */ = {
			isa = PBXShellScriptBuildPhase;
			buildActionMask = 2147483647;
			files = (
			);
			inputPaths = (
			);
			name = "Copy Pods Resources";
			outputPaths = (
			);
			runOnlyForDeploymentPostprocessing = 0;
			shellPath = /bin/sh;
			shellScript = "\"${SRCROOT}/Pods/Pods-resources.sh\"\n";
			showEnvVarsInLog = 0;
		};
/* End PBXShellScriptBuildPhase section */

/* Begin PBXSourcesBuildPhase section */
		4CD271BF1820592B003009CD /* Sources */ = {
			isa = PBXSourcesBuildPhase;
			buildActionMask = 2147483647;
			files = (
				4C73E6F718212DD900C020F9 /* AGFunctionLoginViewController.m in Sources */,
				4CD272051820697C003009CD /* AGUserManager.m in Sources */,
				4CD271D71820592B003009CD /* AGAppDelegate.m in Sources */,
				4CD2721118206ACB003009CD /* AGLoginViewController.m in Sources */,
				4CD271E01820592B003009CD /* AGViewController.m in Sources */,
				4CD27209182069A4003009CD /* AGUser.m in Sources */,
				4CD271D31820592B003009CD /* main.m in Sources */,
				4CD27219182126E6003009CD /* AGImperativeLoginViewController.m in Sources */,
				4CD2720D182069AD003009CD /* AGSettings.m in Sources */,
				4CD2721518207403003009CD /* AGCrankVoltimeterViewController.m in Sources */,
			);
			runOnlyForDeploymentPostprocessing = 0;
		};
		4CD271E31820592B003009CD /* Sources */ = {
			isa = PBXSourcesBuildPhase;
			buildActionMask = 2147483647;
			files = (
				4C73E6F818212DD900C020F9 /* AGFunctionLoginViewController.m in Sources */,
				4CD2721218206ACB003009CD /* AGLoginViewController.m in Sources */,
				4CD272061820697C003009CD /* AGUserManager.m in Sources */,
				4CD2720E182069AD003009CD /* AGSettings.m in Sources */,
				4CD2721618207404003009CD /* AGCrankVoltimeterViewController.m in Sources */,
				4CD2720A182069A4003009CD /* AGUser.m in Sources */,
				4CD271F51820592B003009CD /* ReactiveTests.m in Sources */,
				4CD2721A182126E6003009CD /* AGImperativeLoginViewController.m in Sources */,
			);
			runOnlyForDeploymentPostprocessing = 0;
		};
/* End PBXSourcesBuildPhase section */

/* Begin PBXTargetDependency section */
		4CD271ED1820592B003009CD /* PBXTargetDependency */ = {
			isa = PBXTargetDependency;
			target = 4CD271C21820592B003009CD /* Reactive */;
			targetProxy = 4CD271EC1820592B003009CD /* PBXContainerItemProxy */;
		};
/* End PBXTargetDependency section */

/* Begin PBXVariantGroup section */
		4CD271CF1820592B003009CD /* InfoPlist.strings */ = {
			isa = PBXVariantGroup;
			children = (
				4CD271D01820592B003009CD /* en */,
			);
			name = InfoPlist.strings;
			sourceTree = "<group>";
		};
		4CD271D81820592B003009CD /* Main_iPhone.storyboard */ = {
			isa = PBXVariantGroup;
			children = (
				4CD271D91820592B003009CD /* Base */,
			);
			name = Main_iPhone.storyboard;
			sourceTree = "<group>";
		};
		4CD271DB1820592B003009CD /* Main_iPad.storyboard */ = {
			isa = PBXVariantGroup;
			children = (
				4CD271DC1820592B003009CD /* Base */,
			);
			name = Main_iPad.storyboard;
			sourceTree = "<group>";
		};
		4CD271F11820592B003009CD /* InfoPlist.strings */ = {
			isa = PBXVariantGroup;
			children = (
				4CD271F21820592B003009CD /* en */,
			);
			name = InfoPlist.strings;
			sourceTree = "<group>";
		};
/* End PBXVariantGroup section */

/* Begin XCBuildConfiguration section */
		4CD271F61820592B003009CD /* Debug */ = {
			isa = XCBuildConfiguration;
			buildSettings = {
				ALWAYS_SEARCH_USER_PATHS = NO;
				ARCHS = "$(ARCHS_STANDARD_INCLUDING_64_BIT)";
				CLANG_CXX_LANGUAGE_STANDARD = "gnu++0x";
				CLANG_CXX_LIBRARY = "libc++";
				CLANG_ENABLE_MODULES = YES;
				CLANG_ENABLE_OBJC_ARC = YES;
				CLANG_WARN_BOOL_CONVERSION = YES;
				CLANG_WARN_CONSTANT_CONVERSION = YES;
				CLANG_WARN_DIRECT_OBJC_ISA_USAGE = YES_ERROR;
				CLANG_WARN_EMPTY_BODY = YES;
				CLANG_WARN_ENUM_CONVERSION = YES;
				CLANG_WARN_INT_CONVERSION = YES;
				CLANG_WARN_OBJC_ROOT_CLASS = YES_ERROR;
				CLANG_WARN__DUPLICATE_METHOD_MATCH = YES;
				"CODE_SIGN_IDENTITY[sdk=iphoneos*]" = "iPhone Developer";
				COPY_PHASE_STRIP = NO;
				GCC_C_LANGUAGE_STANDARD = gnu99;
				GCC_DYNAMIC_NO_PIC = NO;
				GCC_OPTIMIZATION_LEVEL = 0;
				GCC_PREPROCESSOR_DEFINITIONS = (
					"DEBUG=1",
					"$(inherited)",
				);
				GCC_SYMBOLS_PRIVATE_EXTERN = NO;
				GCC_WARN_64_TO_32_BIT_CONVERSION = YES;
				GCC_WARN_ABOUT_RETURN_TYPE = YES_ERROR;
				GCC_WARN_UNDECLARED_SELECTOR = YES;
				GCC_WARN_UNINITIALIZED_AUTOS = YES;
				GCC_WARN_UNUSED_FUNCTION = YES;
				GCC_WARN_UNUSED_VARIABLE = YES;
				IPHONEOS_DEPLOYMENT_TARGET = 7.0;
				ONLY_ACTIVE_ARCH = YES;
				SDKROOT = iphoneos;
				TARGETED_DEVICE_FAMILY = "1,2";
			};
			name = Debug;
		};
		4CD271F71820592B003009CD /* Release */ = {
			isa = XCBuildConfiguration;
			buildSettings = {
				ALWAYS_SEARCH_USER_PATHS = NO;
				ARCHS = "$(ARCHS_STANDARD_INCLUDING_64_BIT)";
				CLANG_CXX_LANGUAGE_STANDARD = "gnu++0x";
				CLANG_CXX_LIBRARY = "libc++";
				CLANG_ENABLE_MODULES = YES;
				CLANG_ENABLE_OBJC_ARC = YES;
				CLANG_WARN_BOOL_CONVERSION = YES;
				CLANG_WARN_CONSTANT_CONVERSION = YES;
				CLANG_WARN_DIRECT_OBJC_ISA_USAGE = YES_ERROR;
				CLANG_WARN_EMPTY_BODY = YES;
				CLANG_WARN_ENUM_CONVERSION = YES;
				CLANG_WARN_INT_CONVERSION = YES;
				CLANG_WARN_OBJC_ROOT_CLASS = YES_ERROR;
				CLANG_WARN__DUPLICATE_METHOD_MATCH = YES;
				"CODE_SIGN_IDENTITY[sdk=iphoneos*]" = "iPhone Developer";
				COPY_PHASE_STRIP = YES;
				ENABLE_NS_ASSERTIONS = NO;
				GCC_C_LANGUAGE_STANDARD = gnu99;
				GCC_WARN_64_TO_32_BIT_CONVERSION = YES;
				GCC_WARN_ABOUT_RETURN_TYPE = YES_ERROR;
				GCC_WARN_UNDECLARED_SELECTOR = YES;
				GCC_WARN_UNINITIALIZED_AUTOS = YES;
				GCC_WARN_UNUSED_FUNCTION = YES;
				GCC_WARN_UNUSED_VARIABLE = YES;
				IPHONEOS_DEPLOYMENT_TARGET = 7.0;
				SDKROOT = iphoneos;
				TARGETED_DEVICE_FAMILY = "1,2";
				VALIDATE_PRODUCT = YES;
			};
			name = Release;
		};
		4CD271F91820592B003009CD /* Debug */ = {
			isa = XCBuildConfiguration;
			baseConfigurationReference = 39EDE060BF814DF28D21CAB7 /* Pods.xcconfig */;
			buildSettings = {
				ASSETCATALOG_COMPILER_APPICON_NAME = AppIcon;
				ASSETCATALOG_COMPILER_LAUNCHIMAGE_NAME = LaunchImage;
				GCC_PRECOMPILE_PREFIX_HEADER = YES;
				GCC_PREFIX_HEADER = "Reactive/Reactive-Prefix.pch";
				INFOPLIST_FILE = "Reactive/Reactive-Info.plist";
				PRODUCT_NAME = "$(TARGET_NAME)";
				WRAPPER_EXTENSION = app;
			};
			name = Debug;
		};
		4CD271FA1820592B003009CD /* Release */ = {
			isa = XCBuildConfiguration;
			baseConfigurationReference = 39EDE060BF814DF28D21CAB7 /* Pods.xcconfig */;
			buildSettings = {
				ASSETCATALOG_COMPILER_APPICON_NAME = AppIcon;
				ASSETCATALOG_COMPILER_LAUNCHIMAGE_NAME = LaunchImage;
				GCC_PRECOMPILE_PREFIX_HEADER = YES;
				GCC_PREFIX_HEADER = "Reactive/Reactive-Prefix.pch";
				INFOPLIST_FILE = "Reactive/Reactive-Info.plist";
				PRODUCT_NAME = "$(TARGET_NAME)";
				WRAPPER_EXTENSION = app;
			};
			name = Release;
		};
		4CD271FC1820592B003009CD /* Debug */ = {
			isa = XCBuildConfiguration;
			buildSettings = {
				ARCHS = "$(ARCHS_STANDARD_INCLUDING_64_BIT)";
				BUNDLE_LOADER = "$(BUILT_PRODUCTS_DIR)/Reactive.app/Reactive";
				FRAMEWORK_SEARCH_PATHS = (
					"$(SDKROOT)/Developer/Library/Frameworks",
					"$(inherited)",
					"$(DEVELOPER_FRAMEWORKS_DIR)",
				);
				GCC_PRECOMPILE_PREFIX_HEADER = YES;
				GCC_PREFIX_HEADER = "Reactive/Reactive-Prefix.pch";
				GCC_PREPROCESSOR_DEFINITIONS = (
					"DEBUG=1",
					"$(inherited)",
				);
				INFOPLIST_FILE = "ReactiveTests/ReactiveTests-Info.plist";
				PRODUCT_NAME = "$(TARGET_NAME)";
				TEST_HOST = "$(BUNDLE_LOADER)";
				WRAPPER_EXTENSION = xctest;
			};
			name = Debug;
		};
		4CD271FD1820592B003009CD /* Release */ = {
			isa = XCBuildConfiguration;
			buildSettings = {
				ARCHS = "$(ARCHS_STANDARD_INCLUDING_64_BIT)";
				BUNDLE_LOADER = "$(BUILT_PRODUCTS_DIR)/Reactive.app/Reactive";
				FRAMEWORK_SEARCH_PATHS = (
					"$(SDKROOT)/Developer/Library/Frameworks",
					"$(inherited)",
					"$(DEVELOPER_FRAMEWORKS_DIR)",
				);
				GCC_PRECOMPILE_PREFIX_HEADER = YES;
				GCC_PREFIX_HEADER = "Reactive/Reactive-Prefix.pch";
				INFOPLIST_FILE = "ReactiveTests/ReactiveTests-Info.plist";
				PRODUCT_NAME = "$(TARGET_NAME)";
				TEST_HOST = "$(BUNDLE_LOADER)";
				WRAPPER_EXTENSION = xctest;
			};
			name = Release;
		};
/* End XCBuildConfiguration section */

/* Begin XCConfigurationList section */
		4CD271BE1820592A003009CD /* Build configuration list for PBXProject "Reactive" */ = {
			isa = XCConfigurationList;
			buildConfigurations = (
				4CD271F61820592B003009CD /* Debug */,
				4CD271F71820592B003009CD /* Release */,
			);
			defaultConfigurationIsVisible = 0;
			defaultConfigurationName = Release;
		};
		4CD271F81820592B003009CD /* Build configuration list for PBXNativeTarget "Reactive" */ = {
			isa = XCConfigurationList;
			buildConfigurations = (
				4CD271F91820592B003009CD /* Debug */,
				4CD271FA1820592B003009CD /* Release */,
			);
			defaultConfigurationIsVisible = 0;
			defaultConfigurationName = Release;
		};
		4CD271FB1820592B003009CD /* Build configuration list for PBXNativeTarget "ReactiveTests" */ = {
			isa = XCConfigurationList;
			buildConfigurations = (
				4CD271FC1820592B003009CD /* Debug */,
				4CD271FD1820592B003009CD /* Release */,
			);
			defaultConfigurationIsVisible = 0;
			defaultConfigurationName = Release;
		};
/* End XCConfigurationList section */
	};
	rootObject = 4CD271BB1820592A003009CD /* Project object */;
}
